
Microsoft Visual Studio Solution File, Format Version 12.00
# Visual Studio Version 17
VisualStudioVersion = 17.6.33815.320
MinimumVisualStudioVersion = 10.0.40219.1
Project("{FAE04EC0-301F-11D3-BF4B-00C04F79EFBC}") = "LibraryRobots", "LibraryRobots\LibraryRobots.csproj", "{8B72065A-0F7F-4204-9696-4C61EA083BB2}"
EndProject
Project("{FAE04EC0-301F-11D3-BF4B-00C04F79EFBC}") = "Start", "Start\Start.csproj", "{08D4849F-1C54-44F5-9ECC-46B804C229AF}"
EndProject
Global
	GlobalSection(SolutionConfigurationPlatforms) = preSolution
		Debug|Any CPU = Debug|Any CPU
		Release|Any CPU = Release|Any CPU
	EndGlobalSection
	GlobalSection(ProjectConfigurationPlatforms) = postSolution
		{8B72065A-0F7F-4204-9696-4C61EA083BB2}.Debug|Any CPU.ActiveCfg = Debug|Any CPU
		{8B72065A-0F7F-4204-9696-4C61EA083BB2}.Debug|Any CPU.Build.0 = Debug|Any CPU
		{8B72065A-0F7F-4204-9696-4C61EA083BB2}.Release|Any CPU.ActiveCfg = Release|Any CPU
		{8B72065A-0F7F-4204-9696-4C61EA083BB2}.Release|Any CPU.Build.0 = Release|Any CPU
		{08D4849F-1C54-44F5-9ECC-46B804C229AF}.Debug|Any CPU.ActiveCfg = Debug|Any CPU
		{08D4849F-1C54-44F5-9ECC-46B804C229AF}.Debug|Any CPU.Build.0 = Debug|Any CPU
		{08D4849F-1C54-44F5-9ECC-46B804C229AF}.Release|Any CPU.ActiveCfg = Release|Any CPU
		{08D4849F-1C54-44F5-9ECC-46B804C229AF}.Release|Any CPU.Build.0 = Release|Any CPU
	EndGlobalSection
	GlobalSection(SolutionProperties) = preSolution
		HideSolutionNode = FALSE
	EndGlobalSection
	GlobalSection(ExtensibilityGlobals) = postSolution
		SolutionGuid = {3182C10F-0AAA-4FC9-ACFF-0731ECE67497}
	EndGlobalSection
EndGlobal
